
Microsoft Visual Studio Solution File, Format Version 12.00
# Visual Studio Version 17
VisualStudioVersion = 17.0.32112.339
MinimumVisualStudioVersion = 10.0.40219.1
Project("{2150E333-8FDC-42A3-9474-1A3956D46DE8}") = "Services", "Services", "{2FEC6E70-6BFD-46C0-AD7D-4ACBFC84D1B8}"
EndProject
Project("{2150E333-8FDC-42A3-9474-1A3956D46DE8}") = "Catalog", "Catalog", "{70F596B8-21FD-4C08-9C1A-9C4BE2085FC5}"
EndProject
Project("{9A19103F-16F7-4668-BE54-9A1E7A4F7556}") = "Catalog.API", "Services\Catalog\Catalog.API\Catalog.API.csproj", "{60F34B27-7C0C-47BC-81C3-6DCFAC7C63B4}"
EndProject
Project("{E53339B2-1760-4266-BCC7-CA923CBCF16C}") = "docker-compose", "docker-compose.dcproj", "{F571DC2F-4ECA-4F9C-B4F3-39F0FE1A8581}"
EndProject
Project("{2150E333-8FDC-42A3-9474-1A3956D46DE8}") = "Basket", "Basket", "{32E882FE-BC11-44D0-A01F-0D7F83EA7E2E}"
EndProject
Project("{9A19103F-16F7-4668-BE54-9A1E7A4F7556}") = "Basket.API", "Services\Basket\Basket.API\Basket.API.csproj", "{6A1834A7-7F29-4E08-9374-6E3A7467804D}"
EndProject
Global
	GlobalSection(SolutionConfigurationPlatforms) = preSolution
		Debug|Any CPU = Debug|Any CPU
		Release|Any CPU = Release|Any CPU
	EndGlobalSection
	GlobalSection(ProjectConfigurationPlatforms) = postSolution
		{60F34B27-7C0C-47BC-81C3-6DCFAC7C63B4}.Debug|Any CPU.ActiveCfg = Debug|Any CPU
		{60F34B27-7C0C-47BC-81C3-6DCFAC7C63B4}.Debug|Any CPU.Build.0 = Debug|Any CPU
		{60F34B27-7C0C-47BC-81C3-6DCFAC7C63B4}.Release|Any CPU.ActiveCfg = Release|Any CPU
		{60F34B27-7C0C-47BC-81C3-6DCFAC7C63B4}.Release|Any CPU.Build.0 = Release|Any CPU
		{F571DC2F-4ECA-4F9C-B4F3-39F0FE1A8581}.Debug|Any CPU.ActiveCfg = Debug|Any CPU
		{F571DC2F-4ECA-4F9C-B4F3-39F0FE1A8581}.Debug|Any CPU.Build.0 = Debug|Any CPU
		{F571DC2F-4ECA-4F9C-B4F3-39F0FE1A8581}.Release|Any CPU.ActiveCfg = Release|Any CPU
		{F571DC2F-4ECA-4F9C-B4F3-39F0FE1A8581}.Release|Any CPU.Build.0 = Release|Any CPU
		{6A1834A7-7F29-4E08-9374-6E3A7467804D}.Debug|Any CPU.ActiveCfg = Debug|Any CPU
		{6A1834A7-7F29-4E08-9374-6E3A7467804D}.Debug|Any CPU.Build.0 = Debug|Any CPU
		{6A1834A7-7F29-4E08-9374-6E3A7467804D}.Release|Any CPU.ActiveCfg = Release|Any CPU
		{6A1834A7-7F29-4E08-9374-6E3A7467804D}.Release|Any CPU.Build.0 = Release|Any CPU
	EndGlobalSection
	GlobalSection(SolutionProperties) = preSolution
		HideSolutionNode = FALSE
	EndGlobalSection
	GlobalSection(NestedProjects) = preSolution
		{70F596B8-21FD-4C08-9C1A-9C4BE2085FC5} = {2FEC6E70-6BFD-46C0-AD7D-4ACBFC84D1B8}
		{60F34B27-7C0C-47BC-81C3-6DCFAC7C63B4} = {70F596B8-21FD-4C08-9C1A-9C4BE2085FC5}
		{32E882FE-BC11-44D0-A01F-0D7F83EA7E2E} = {2FEC6E70-6BFD-46C0-AD7D-4ACBFC84D1B8}
		{6A1834A7-7F29-4E08-9374-6E3A7467804D} = {32E882FE-BC11-44D0-A01F-0D7F83EA7E2E}
	EndGlobalSection
	GlobalSection(ExtensibilityGlobals) = postSolution
		SolutionGuid = {BFC18CAD-9144-4A34-8883-7D673E90868F}
	EndGlobalSection
EndGlobal
